# This file is generated by running "yarn install" inside your project.
# Manual changes might be lost - proceed with caution!

__metadata:
  version: 8
  cacheKey: 10c0

"Portafolio@workspace:.":
  version: 0.0.0-use.local
  resolution: "Portafolio@workspace:."
  dependencies:
    reveal.js: "npm:^5.1.0"
  languageName: unknown
  linkType: soft

"reveal.js@npm:^5.1.0":
  version: 5.1.0
  resolution: "reveal.js@npm:5.1.0"
  checksum: 10c0/951843da5abe03d7f8e4d5c1ae1140b56786c7e82526500c46f943fdef5b2273c185be1bec5dc19a0a87d2b23129303d944e0529257f9d16daba4f446318fc82
  languageName: node
  linkType: hard
